
Microsoft Visual Studio Solution File, Format Version 12.00
# Visual Studio 15
VisualStudioVersion = 15.0.28307.329
MinimumVisualStudioVersion = 10.0.40219.1
Project("{8BC9CEB8-8B4A-11D0-8D11-00A0C91BC942}") = "softwarepractice3", "softwarepractice3\softwarepractice3.vcxproj", "{996EA21C-B08C-4C30-9043-A60EE6CED732}"
EndProject
Global
	GlobalSection(SolutionConfigurationPlatforms) = preSolution
		Debug|x64 = Debug|x64
		Debug|x86 = Debug|x86
		Release|x64 = Release|x64
		Release|x86 = Release|x86
	EndGlobalSection
	GlobalSection(ProjectConfigurationPlatforms) = postSolution
		{996EA21C-B08C-4C30-9043-A60EE6CED732}.Debug|x64.ActiveCfg = Debug|x64
		{996EA21C-B08C-4C30-9043-A60EE6CED732}.Debug|x64.Build.0 = Debug|x64
		{996EA21C-B08C-4C30-9043-A60EE6CED732}.Debug|x86.ActiveCfg = Debug|Win32
		{996EA21C-B08C-4C30-9043-A60EE6CED732}.Debug|x86.Build.0 = Debug|Win32
		{996EA21C-B08C-4C30-9043-A60EE6CED732}.Release|x64.ActiveCfg = Release|x64
		{996EA21C-B08C-4C30-9043-A60EE6CED732}.Release|x64.Build.0 = Release|x64
		{996EA21C-B08C-4C30-9043-A60EE6CED732}.Release|x86.ActiveCfg = Release|Win32
		{996EA21C-B08C-4C30-9043-A60EE6CED732}.Release|x86.Build.0 = Release|Win32
	EndGlobalSection
	GlobalSection(SolutionProperties) = preSolution
		HideSolutionNode = FALSE
	EndGlobalSection
	GlobalSection(ExtensibilityGlobals) = postSolution
		SolutionGuid = {52213ACB-F466-4CE9-BD1F-01496EE7D138}
	EndGlobalSection
EndGlobal
